{
  "pins" : [
    {
      "identity" : "factory",
      "kind" : "remoteSourceControl",
      "location" : "https://github.com/hmlongco/Factory",
      "state" : {
        "revision" : "587995f7d5cc667951d635fbf6b4252324ba0439",
        "version" : "2.3.2"
      }
    },
    {
      "identity" : "jamitfoundation",
      "kind" : "remoteSourceControl",
      "location" : "https://github.com/JamitLabs/JamitFoundation",
      "state" : {
        "branch" : "develop",
        "revision" : "bfbba68fbc1446b03822b2652d8fca8be5f69813"
      }
    },
    {
      "identity" : "jfutils",
      "kind" : "remoteSourceControl",
      "location" : "https://github.com/iComputerfreak/JFUtils",
      "state" : {
        "branch" : "main",
        "revision" : "920cafc1298b8b06ee0f4ba71e52a5c9dbff272a"
      }
    },
    {
      "identity" : "xmlcoder",
      "kind" : "remoteSourceControl",
      "location" : "https://github.com/CoreOffice/XMLCoder",
      "state" : {
        "revision" : "b1e944cbd0ef33787b13f639a5418d55b3bed501",
        "version" : "0.17.1"
      }
    }
  ],
  "version" : 2
}
